
Microsoft Visual Studio Solution File, Format Version 12.00
# Visual Studio 15
Project("{FAE04EC0-301F-11D3-BF4B-00C04F79EFBC}") = "Assembly-CSharp", "Assembly-CSharp.csproj", "{1FE02C34-EDB7-6801-BDF9-D6068C3D2859}"
EndProject
Project("{FAE04EC0-301F-11D3-BF4B-00C04F79EFBC}") = "Assembly-CSharp-Editor", "Assembly-CSharp-Editor.csproj", "{AEEE02F1-5B3D-803C-968A-42FCB28D3427}"
EndProject
Global
	GlobalSection(SolutionConfigurationPlatforms) = preSolution
		Debug|Any CPU = Debug|Any CPU
		Release|Any CPU = Release|Any CPU
	EndGlobalSection
	GlobalSection(ProjectConfigurationPlatforms) = postSolution
		{1FE02C34-EDB7-6801-BDF9-D6068C3D2859}.Debug|Any CPU.ActiveCfg = Debug|Any CPU
		{1FE02C34-EDB7-6801-BDF9-D6068C3D2859}.Debug|Any CPU.Build.0 = Debug|Any CPU
		{1FE02C34-EDB7-6801-BDF9-D6068C3D2859}.Release|Any CPU.ActiveCfg = Release|Any CPU
		{1FE02C34-EDB7-6801-BDF9-D6068C3D2859}.Release|Any CPU.Build.0 = Release|Any CPU
		{AEEE02F1-5B3D-803C-968A-42FCB28D3427}.Debug|Any CPU.ActiveCfg = Debug|Any CPU
		{AEEE02F1-5B3D-803C-968A-42FCB28D3427}.Debug|Any CPU.Build.0 = Debug|Any CPU
		{AEEE02F1-5B3D-803C-968A-42FCB28D3427}.Release|Any CPU.ActiveCfg = Release|Any CPU
		{AEEE02F1-5B3D-803C-968A-42FCB28D3427}.Release|Any CPU.Build.0 = Release|Any CPU
	EndGlobalSection
	GlobalSection(SolutionProperties) = preSolution
		HideSolutionNode = FALSE
	EndGlobalSection
EndGlobal
